// !$*UTF8*$!
{
	archiveVersion = 1;
	classes = {
	};
	objectVersion = 46;
	objects = {

/* Begin PBXBuildFile section */
		4CEE61AA1C2D38DE003BE759 /* AppDelegate.swift in Sources */ = {isa = PBXBuildFile; fileRef = 4CEE61A91C2D38DE003BE759 /* AppDelegate.swift */; };
		4CEE61AC1C2D38DE003BE759 /* ViewController.swift in Sources */ = {isa = PBXBuildFile; fileRef = 4CEE61AB1C2D38DE003BE759 /* ViewController.swift */; };
		4CEE61AF1C2D38DE003BE759 /* Main.storyboard in Resources */ = {isa = PBXBuildFile; fileRef = 4CEE61AD1C2D38DE003BE759 /* Main.storyboard */; };
		4CEE61B11C2D38DE003BE759 /* Assets.xcassets in Resources */ = {isa = PBXBuildFile; fileRef = 4CEE61B01C2D38DE003BE759 /* Assets.xcassets */; };
		4CFB31721C5F36F500C365E7 /* AboutViewController.swift in Sources */ = {isa = PBXBuildFile; fileRef = 4CFB31711C5F36F500C365E7 /* AboutViewController.swift */; };
		4CFD5BB51C6345B10097CBA2 /* Default-568h@2x.png in Resources */ = {isa = PBXBuildFile; fileRef = 4CFD5BB31C6345B10097CBA2 /* Default-568h@2x.png */; };
		4CFD5BB61C6345B10097CBA2 /* Default@2x.png in Resources */ = {isa = PBXBuildFile; fileRef = 4CFD5BB41C6345B10097CBA2 /* Default@2x.png */; };
		4CFF22621C60878800885E2C /* BullsEye.html in Resources */ = {isa = PBXBuildFile; fileRef = 4CFF22611C60878800885E2C /* BullsEye.html */; };
/* End PBXBuildFile section */

/* Begin PBXFileReference section */
		4CEE61A61C2D38DE003BE759 /* BullsEye.app */ = {isa = PBXFileReference; explicitFileType = wrapper.application; includeInIndex = 0; path = BullsEye.app; sourceTree = BUILT_PRODUCTS_DIR; };
		4CEE61A91C2D38DE003BE759 /* AppDelegate.swift */ = {isa = PBXFileReference; lastKnownFileType = sourcecode.swift; path = AppDelegate.swift; sourceTree = "<group>"; };
		4CEE61AB1C2D38DE003BE759 /* ViewController.swift */ = {isa = PBXFileReference; lastKnownFileType = sourcecode.swift; path = ViewController.swift; sourceTree = "<group>"; };
		4CEE61AE1C2D38DE003BE759 /* Base */ = {isa = PBXFileReference; lastKnownFileType = file.storyboard; name = Base; path = Base.lproj/Main.storyboard; sourceTree = "<group>"; };
		4CEE61B01C2D38DE003BE759 /* Assets.xcassets */ = {isa = PBXFileReference; lastKnownFileType = folder.assetcatalog; path = Assets.xcassets; sourceTree = "<group>"; };
		4CEE61B51C2D38DE003BE759 /* Info.plist */ = {isa = PBXFileReference; lastKnownFileType = text.plist.xml; path = Info.plist; sourceTree = "<group>"; };
		4CFB31711C5F36F500C365E7 /* AboutViewController.swift */ = {isa = PBXFileReference; fileEncoding = 4; lastKnownFileType = sourcecode.swift; path = AboutViewController.swift; sourceTree = "<group>"; };
		4CFD5BB31C6345B10097CBA2 /* Default-568h@2x.png */ = {isa = PBXFileReference; lastKnownFileType = image.png; path = "Default-568h@2x.png"; sourceTree = "<group>"; };
		4CFD5BB41C6345B10097CBA2 /* Default@2x.png */ = {isa = PBXFileReference; lastKnownFileType = image.png; path = "Default@2x.png"; sourceTree = "<group>"; };
		4CFF22611C60878800885E2C /* BullsEye.html */ = {isa = PBXFileReference; fileEncoding = 4; lastKnownFileType = text.html; path = BullsEye.html; sourceTree = "<group>"; };
/* End PBXFileReference section */

/* Begin PBXFrameworksBuildPhase section */
		4CEE61A31C2D38DE003BE759 /* Frameworks */ = {
			isa = PBXFrameworksBuildPhase;
			buildActionMask = 2147483647;
			files = (
			);
			runOnlyForDeploymentPostprocessing = 0;
		};
/* End PBXFrameworksBuildPhase section */

/* Begin PBXGroup section */
		4CEE619D1C2D38DD003BE759 = {
			isa = PBXGroup;
			children = (
				4CEE61A81C2D38DE003BE759 /* BullsEye */,
				4CEE61A71C2D38DE003BE759 /* Products */,
			);
			sourceTree = "<group>";
		};
		4CEE61A71C2D38DE003BE759 /* Products */ = {
			isa = PBXGroup;
			children = (
				4CEE61A61C2D38DE003BE759 /* BullsEye.app */,
			);
			name = Products;
			sourceTree = "<group>";
		};
		4CEE61A81C2D38DE003BE759 /* BullsEye */ = {
			isa = PBXGroup;
			children = (
				4CFD5BB31C6345B10097CBA2 /* Default-568h@2x.png */,
				4CFD5BB41C6345B10097CBA2 /* Default@2x.png */,
				4CFF22611C60878800885E2C /* BullsEye.html */,
				4CEE61A91C2D38DE003BE759 /* AppDelegate.swift */,
				4CEE61AB1C2D38DE003BE759 /* ViewController.swift */,
				4CEE61AD1C2D38DE003BE759 /* Main.storyboard */,
				4CFB31711C5F36F500C365E7 /* AboutViewController.swift */,
				4CEE61B01C2D38DE003BE759 /* Assets.xcassets */,
				4CEE61B51C2D38DE003BE759 /* Info.plist */,
			);
			path = BullsEye;
			sourceTree = "<group>";
		};
/* End PBXGroup section */

/* Begin PBXNativeTarget section */
		4CEE61A51C2D38DE003BE759 /* BullsEye */ = {
			isa = PBXNativeTarget;
			buildConfigurationList = 4CEE61B81C2D38DE003BE759 /* Build configuration list for PBXNativeTarget "BullsEye" */;
			buildPhases = (
				4CEE61A21C2D38DE003BE759 /* Sources */,
				4CEE61A31C2D38DE003BE759 /* Frameworks */,
				4CEE61A41C2D38DE003BE759 /* Resources */,
			);
			buildRules = (
			);
			dependencies = (
			);
			name = BullsEye;
			productName = BullsEye;
			productReference = 4CEE61A61C2D38DE003BE759 /* BullsEye.app */;
			productType = "com.apple.product-type.application";
		};
/* End PBXNativeTarget section */

/* Begin PBXProject section */
		4CEE619E1C2D38DD003BE759 /* Project object */ = {
			isa = PBXProject;
			attributes = {
				LastSwiftUpdateCheck = 0720;
				LastUpgradeCheck = 0720;
				ORGANIZATIONNAME = sytaryqy;
				TargetAttributes = {
					4CEE61A51C2D38DE003BE759 = {
						CreatedOnToolsVersion = 7.2;
					};
				};
			};
			buildConfigurationList = 4CEE61A11C2D38DE003BE759 /* Build configuration list for PBXProject "BullsEye" */;
			compatibilityVersion = "Xcode 3.2";
			developmentRegion = English;
			hasScannedForEncodings = 0;
			knownRegions = (
				en,
				Base,
			);
			mainGroup = 4CEE619D1C2D38DD003BE759;
			productRefGroup = 4CEE61A71C2D38DE003BE759 /* Products */;
			projectDirPath = "";
			projectRoot = "";
			targets = (
				4CEE61A51C2D38DE003BE759 /* BullsEye */,
			);
		};
/* End PBXProject section */

/* Begin PBXResourcesBuildPhase section */
		4CEE61A41C2D38DE003BE759 /* Resources */ = {
			isa = PBXResourcesBuildPhase;
			buildActionMask = 2147483647;
			files = (
				4CFF22621C60878800885E2C /* BullsEye.html in Resources */,
				4CFD5BB51C6345B10097CBA2 /* Default-568h@2x.png in Resources */,
				4CFD5BB61C6345B10097CBA2 /* Default@2x.png in Resources */,
				4CEE61B11C2D38DE003BE759 /* Assets.xcassets in Resources */,
				4CEE61AF1C2D38DE003BE759 /* Main.storyboard in Resources */,
			);
			runOnlyForDeploymentPostprocessing = 0;
		};
/* End PBXResourcesBuildPhase section */

/* Begin PBXSourcesBuildPhase section */
		4CEE61A21C2D38DE003BE759 /* Sources */ = {
			isa = PBXSourcesBuildPhase;
			buildActionMask = 2147483647;
			files = (
				4CFB31721C5F36F500C365E7 /* AboutViewController.swift in Sources */,
				4CEE61AC1C2D38DE003BE759 /* ViewController.swift in Sources */,
				4CEE61AA1C2D38DE003BE759 /* AppDelegate.swift in Sources */,
			);
			runOnlyForDeploymentPostprocessing = 0;
		};
/* End PBXSourcesBuildPhase section */

/* Begin PBXVariantGroup section */
		4CEE61AD1C2D38DE003BE759 /* Main.storyboard */ = {
			isa = PBXVariantGroup;
			children = (
				4CEE61AE1C2D38DE003BE759 /* Base */,
			);
			name = Main.storyboard;
			sourceTree = "<group>";
		};
/* End PBXVariantGroup section */

/* Begin XCBuildConfiguration section */
		4CEE61B61C2D38DE003BE759 /* Debug */ = {
			isa = XCBuildConfiguration;
			buildSettings = {
				ALWAYS_SEARCH_USER_PATHS = NO;
				CLANG_CXX_LANGUAGE_STANDARD = "gnu++0x";
				CLANG_CXX_LIBRARY = "libc++";
				CLANG_ENABLE_MODULES = YES;
				CLANG_ENABLE_OBJC_ARC = YES;
				CLANG_WARN_BOOL_CONVERSION = YES;
				CLANG_WARN_CONSTANT_CONVERSION = YES;
				CLANG_WARN_DIRECT_OBJC_ISA_USAGE = YES_ERROR;
				CLANG_WARN_EMPTY_BODY = YES;
				CLANG_WARN_ENUM_CONVERSION = YES;
				CLANG_WARN_INT_CONVERSION = YES;
				CLANG_WARN_OBJC_ROOT_CLASS = YES_ERROR;
				CLANG_WARN_UNREACHABLE_CODE = YES;
				CLANG_WARN__DUPLICATE_METHOD_MATCH = YES;
				"CODE_SIGN_IDENTITY[sdk=iphoneos*]" = "iPhone Developer";
				COPY_PHASE_STRIP = NO;
				DEBUG_INFORMATION_FORMAT = dwarf;
				ENABLE_STRICT_OBJC_MSGSEND = YES;
				ENABLE_TESTABILITY = YES;
				GCC_C_LANGUAGE_STANDARD = gnu99;
				GCC_DYNAMIC_NO_PIC = NO;
				GCC_NO_COMMON_BLOCKS = YES;
				GCC_OPTIMIZATION_LEVEL = 0;
				GCC_PREPROCESSOR_DEFINITIONS = (
					"DEBUG=1",
					"$(inherited)",
				);
				GCC_WARN_64_TO_32_BIT_CONVERSION = YES;
				GCC_WARN_ABOUT_RETURN_TYPE = YES_ERROR;
				GCC_WARN_UNDECLARED_SELECTOR = YES;
				GCC_WARN_UNINITIALIZED_AUTOS = YES_AGGRESSIVE;
				GCC_WARN_UNUSED_FUNCTION = YES;
				GCC_WARN_UNUSED_VARIABLE = YES;
				IPHONEOS_DEPLOYMENT_TARGET = 9.2;
				MTL_ENABLE_DEBUG_INFO = YES;
				ONLY_ACTIVE_ARCH = YES;
				SDKROOT = iphoneos;
				SWIFT_OPTIMIZATION_LEVEL = "-Onone";
			};
			name = Debug;
		};
		4CEE61B71C2D38DE003BE759 /* Release */ = {
			isa = XCBuildConfiguration;
			buildSettings = {
				ALWAYS_SEARCH_USER_PATHS = NO;
				CLANG_CXX_LANGUAGE_STANDARD = "gnu++0x";
				CLANG_CXX_LIBRARY = "libc++";
				CLANG_ENABLE_MODULES = YES;
				CLANG_ENABLE_OBJC_ARC = YES;
				CLANG_WARN_BOOL_CONVERSION = YES;
				CLANG_WARN_CONSTANT_CONVERSION = YES;
				CLANG_WARN_DIRECT_OBJC_ISA_USAGE = YES_ERROR;
				CLANG_WARN_EMPTY_BODY = YES;
				CLANG_WARN_ENUM_CONVERSION = YES;
				CLANG_WARN_INT_CONVERSION = YES;
				CLANG_WARN_OBJC_ROOT_CLASS = YES_ERROR;
				CLANG_WARN_UNREACHABLE_CODE = YES;
				CLANG_WARN__DUPLICATE_METHOD_MATCH = YES;
				"CODE_SIGN_IDENTITY[sdk=iphoneos*]" = "iPhone Developer";
				COPY_PHASE_STRIP = NO;
				DEBUG_INFORMATION_FORMAT = "dwarf-with-dsym";
				ENABLE_NS_ASSERTIONS = NO;
				ENABLE_STRICT_OBJC_MSGSEND = YES;
				GCC_C_LANGUAGE_STANDARD = gnu99;
				GCC_NO_COMMON_BLOCKS = YES;
				GCC_WARN_64_TO_32_BIT_CONVERSION = YES;
				GCC_WARN_ABOUT_RETURN_TYPE = YES_ERROR;
				GCC_WARN_UNDECLARED_SELECTOR = YES;
				GCC_WARN_UNINITIALIZED_AUTOS = YES_AGGRESSIVE;
				GCC_WARN_UNUSED_FUNCTION = YES;
				GCC_WARN_UNUSED_VARIABLE = YES;
				IPHONEOS_DEPLOYMENT_TARGET = 9.2;
				MTL_ENABLE_DEBUG_INFO = NO;
				SDKROOT = iphoneos;
				VALIDATE_PRODUCT = YES;
			};
			name = Release;
		};
		4CEE61B91C2D38DE003BE759 /* Debug */ = {
			isa = XCBuildConfiguration;
			buildSettings = {
				ASSETCATALOG_COMPILER_APPICON_NAME = AppIcon;
				INFOPLIST_FILE = BullsEye/Info.plist;
				IPHONEOS_DEPLOYMENT_TARGET = 8.1;
				LD_RUNPATH_SEARCH_PATHS = "$(inherited) @executable_path/Frameworks";
				PRODUCT_BUNDLE_IDENTIFIER = com.sytaryqy.BullsEye;
				PRODUCT_NAME = "$(TARGET_NAME)";
				TARGETED_DEVICE_FAMILY = 1;
			};
			name = Debug;
		};
		4CEE61BA1C2D38DE003BE759 /* Release */ = {
			isa = XCBuildConfiguration;
			buildSettings = {
				ASSETCATALOG_COMPILER_APPICON_NAME = AppIcon;
				INFOPLIST_FILE = BullsEye/Info.plist;
				IPHONEOS_DEPLOYMENT_TARGET = 8.1;
				LD_RUNPATH_SEARCH_PATHS = "$(inherited) @executable_path/Frameworks";
				PRODUCT_BUNDLE_IDENTIFIER = com.sytaryqy.BullsEye;
				PRODUCT_NAME = "$(TARGET_NAME)";
				TARGETED_DEVICE_FAMILY = 1;
			};
			name = Release;
		};
/* End XCBuildConfiguration section */

/* Begin XCConfigurationList section */
		4CEE61A11C2D38DE003BE759 /* Build configuration list for PBXProject "BullsEye" */ = {
			isa = XCConfigurationList;
			buildConfigurations = (
				4CEE61B61C2D38DE003BE759 /* Debug */,
				4CEE61B71C2D38DE003BE759 /* Release */,
			);
			defaultConfigurationIsVisible = 0;
			defaultConfigurationName = Release;
		};
		4CEE61B81C2D38DE003BE759 /* Build configuration list for PBXNativeTarget "BullsEye" */ = {
			isa = XCConfigurationList;
			buildConfigurations = (
				4CEE61B91C2D38DE003BE759 /* Debug */,
				4CEE61BA1C2D38DE003BE759 /* Release */,
			);
			defaultConfigurationIsVisible = 0;
			defaultConfigurationName = Release;
		};
/* End XCConfigurationList section */
	};
	rootObject = 4CEE619E1C2D38DD003BE759 /* Project object */;
}
